
Microsoft Visual Studio Solution File, Format Version 12.00
# Visual Studio Version 16
VisualStudioVersion = 16.0.31321.278
MinimumVisualStudioVersion = 10.0.40219.1
Project("{2150E333-8FDC-42A3-9474-1A3956D46DE8}") = "Solution Items", "Solution Items", "{41D692BE-DFD2-4E15-A362-C4ACDC268890}"
	ProjectSection(SolutionItems) = preProject
		TabloOrnegi.html = TabloOrnegi.html
	EndProjectSection
EndProject
Global
	GlobalSection(SolutionProperties) = preSolution
		HideSolutionNode = FALSE
	EndGlobalSection
	GlobalSection(ExtensibilityGlobals) = postSolution
		SolutionGuid = {4AA5FBFE-1765-47C0-87E2-AA1B0A744AF8}
	EndGlobalSection
EndGlobal
